
Microsoft Visual Studio Solution File, Format Version 12.00
# Visual Studio Version 16
VisualStudioVersion = 16.0.31205.134
MinimumVisualStudioVersion = 10.0.40219.1
Project("{FAE04EC0-301F-11D3-BF4B-00C04F79EFBC}") = "Dodge_ExampleGame", "Dodge_ExampleGame\Dodge_ExampleGame.csproj", "{E336BF4B-6162-4B2A-80D2-7895F5B6B377}"
EndProject
Global
	GlobalSection(SolutionConfigurationPlatforms) = preSolution
		Debug|Any CPU = Debug|Any CPU
		Release|Any CPU = Release|Any CPU
	EndGlobalSection
	GlobalSection(ProjectConfigurationPlatforms) = postSolution
		{E336BF4B-6162-4B2A-80D2-7895F5B6B377}.Debug|Any CPU.ActiveCfg = Debug|Any CPU
		{E336BF4B-6162-4B2A-80D2-7895F5B6B377}.Debug|Any CPU.Build.0 = Debug|Any CPU
		{E336BF4B-6162-4B2A-80D2-7895F5B6B377}.Release|Any CPU.ActiveCfg = Release|Any CPU
		{E336BF4B-6162-4B2A-80D2-7895F5B6B377}.Release|Any CPU.Build.0 = Release|Any CPU
	EndGlobalSection
	GlobalSection(SolutionProperties) = preSolution
		HideSolutionNode = FALSE
	EndGlobalSection
	GlobalSection(ExtensibilityGlobals) = postSolution
		SolutionGuid = {A233130B-72D6-4286-9131-980D148491E9}
	EndGlobalSection
EndGlobal
